
Microsoft Visual Studio Solution File, Format Version 12.00
# Visual Studio Version 16
VisualStudioVersion = 16.0.29519.87
MinimumVisualStudioVersion = 15.0.26124.0
Project("{2150E333-8FDC-42A3-9474-1A3956D46DE8}") = "src", "src", "{4D484C33-558C-4883-9EBC-5932D779B4E5}"
EndProject
Project("{2150E333-8FDC-42A3-9474-1A3956D46DE8}") = "libraries", "libraries", "{0F8AEF02-ADE0-47DE-9132-5FAF736DD2F6}"
EndProject
Project("{9A19103F-16F7-4668-BE54-9A1E7A4F7556}") = "FootballPredictor.Core", "src\libraries\FootballPredictor.Core\FootballPredictor.Core.csproj", "{97A144A0-1767-4EA2-8661-E569436BFED9}"
EndProject
Project("{9A19103F-16F7-4668-BE54-9A1E7A4F7556}") = "FootballPredictor.Common", "src\libraries\FootballPredictor.Common\FootballPredictor.Common.csproj", "{8BBAD57E-89E3-4D43-85D0-CAC4020EA249}"
EndProject
Project("{9A19103F-16F7-4668-BE54-9A1E7A4F7556}") = "FootballPredictor.Domain", "src\libraries\FootballPredictor.Domain\FootballPredictor.Domain.csproj", "{C6D76309-49FB-475C-8C88-F3353B0F2A75}"
EndProject
Project("{2150E333-8FDC-42A3-9474-1A3956D46DE8}") = "hosts", "hosts", "{2F822B7B-12F2-4E11-A2E5-AD46564F15ED}"
EndProject
Project("{9A19103F-16F7-4668-BE54-9A1E7A4F7556}") = "FootballPredictor.Api", "src\hosts\FootballPredictor.Api\FootballPredictor.Api.csproj", "{38235A40-BFC2-40B6-A2E8-A5C7380E447E}"
EndProject
Project("{2150E333-8FDC-42A3-9474-1A3956D46DE8}") = "test", "test", "{EBD561D6-154A-4C51-99F1-A8CD387F5BF2}"
EndProject
Project("{9A19103F-16F7-4668-BE54-9A1E7A4F7556}") = "FootballPredictor.Core.Tests", "test\FootballPredictor.Core.Tests\FootballPredictor.Core.Tests.csproj", "{03107585-6938-4B6D-B607-88D594DC6CF4}"
EndProject
Project("{2150E333-8FDC-42A3-9474-1A3956D46DE8}") = "Data", "Data", "{CC225870-9CDE-468B-BC8D-3F5664A34656}"
EndProject
Project("{9A19103F-16F7-4668-BE54-9A1E7A4F7556}") = "FootballPredictor.Data.Abstractions", "src\libraries\Data\FootballPredictor.Data.Abstractions\FootballPredictor.Data.Abstractions.csproj", "{25D2CEA8-2578-450B-ADCA-5AF3E4A3B838}"
EndProject
Project("{9A19103F-16F7-4668-BE54-9A1E7A4F7556}") = "FootballPredictor.Data.InMemory", "src\libraries\Data\FootballPredictor.Data.InMemory\FootballPredictor.Data.InMemory.csproj", "{BC63E5EE-0295-419B-86A0-98AFF3FBCBE8}"
EndProject
Project("{9A19103F-16F7-4668-BE54-9A1E7A4F7556}") = "FootballPredictor.Api.Tests", "test\FootballPredictor.Api.Tests\FootballPredictor.Api.Tests.csproj", "{A6379876-8878-424C-9E19-6D68D53461B8}"
EndProject
Project("{FAE04EC0-301F-11D3-BF4B-00C04F79EFBC}") = "FootballPredictor.FootballDataProvider.Http", "src\libraries\FootballPredictor.FootballDataProvider.Http\FootballPredictor.FootballDataProvider.Http.csproj", "{774B9134-65C3-4BAE-BC01-C46C8AD1AF04}"
EndProject
Project("{FAE04EC0-301F-11D3-BF4B-00C04F79EFBC}") = "FootballPredictor.Dto", "src\libraries\FootballPredictor.Dto\FootballPredictor.Dto.csproj", "{88A329E9-4AB2-40EA-84D0-57FB791E264C}"
EndProject
Project("{FAE04EC0-301F-11D3-BF4B-00C04F79EFBC}") = "FootballPredictor.Data.EFCore.PostgreSQL", "src\libraries\Data\FootballPredictor.Data.EFCore.PostgreSQL\FootballPredictor.Data.EFCore.PostgreSQL.csproj", "{3444290E-BB91-4874-A8FF-3053E1BACE1A}"
EndProject
Global
	GlobalSection(SolutionConfigurationPlatforms) = preSolution
		Debug|Any CPU = Debug|Any CPU
		Debug|x64 = Debug|x64
		Debug|x86 = Debug|x86
		Release|Any CPU = Release|Any CPU
		Release|x64 = Release|x64
		Release|x86 = Release|x86
	EndGlobalSection
	GlobalSection(ProjectConfigurationPlatforms) = postSolution
		{97A144A0-1767-4EA2-8661-E569436BFED9}.Debug|Any CPU.ActiveCfg = Debug|Any CPU
		{97A144A0-1767-4EA2-8661-E569436BFED9}.Debug|Any CPU.Build.0 = Debug|Any CPU
		{97A144A0-1767-4EA2-8661-E569436BFED9}.Debug|x64.ActiveCfg = Debug|Any CPU
		{97A144A0-1767-4EA2-8661-E569436BFED9}.Debug|x64.Build.0 = Debug|Any CPU
		{97A144A0-1767-4EA2-8661-E569436BFED9}.Debug|x86.ActiveCfg = Debug|Any CPU
		{97A144A0-1767-4EA2-8661-E569436BFED9}.Debug|x86.Build.0 = Debug|Any CPU
		{97A144A0-1767-4EA2-8661-E569436BFED9}.Release|Any CPU.ActiveCfg = Release|Any CPU
		{97A144A0-1767-4EA2-8661-E569436BFED9}.Release|Any CPU.Build.0 = Release|Any CPU
		{97A144A0-1767-4EA2-8661-E569436BFED9}.Release|x64.ActiveCfg = Release|Any CPU
		{97A144A0-1767-4EA2-8661-E569436BFED9}.Release|x64.Build.0 = Release|Any CPU
		{97A144A0-1767-4EA2-8661-E569436BFED9}.Release|x86.ActiveCfg = Release|Any CPU
		{97A144A0-1767-4EA2-8661-E569436BFED9}.Release|x86.Build.0 = Release|Any CPU
		{8BBAD57E-89E3-4D43-85D0-CAC4020EA249}.Debug|Any CPU.ActiveCfg = Debug|Any CPU
		{8BBAD57E-89E3-4D43-85D0-CAC4020EA249}.Debug|Any CPU.Build.0 = Debug|Any CPU
		{8BBAD57E-89E3-4D43-85D0-CAC4020EA249}.Debug|x64.ActiveCfg = Debug|Any CPU
		{8BBAD57E-89E3-4D43-85D0-CAC4020EA249}.Debug|x64.Build.0 = Debug|Any CPU
		{8BBAD57E-89E3-4D43-85D0-CAC4020EA249}.Debug|x86.ActiveCfg = Debug|Any CPU
		{8BBAD57E-89E3-4D43-85D0-CAC4020EA249}.Debug|x86.Build.0 = Debug|Any CPU
		{8BBAD57E-89E3-4D43-85D0-CAC4020EA249}.Release|Any CPU.ActiveCfg = Release|Any CPU
		{8BBAD57E-89E3-4D43-85D0-CAC4020EA249}.Release|Any CPU.Build.0 = Release|Any CPU
		{8BBAD57E-89E3-4D43-85D0-CAC4020EA249}.Release|x64.ActiveCfg = Release|Any CPU
		{8BBAD57E-89E3-4D43-85D0-CAC4020EA249}.Release|x64.Build.0 = Release|Any CPU
		{8BBAD57E-89E3-4D43-85D0-CAC4020EA249}.Release|x86.ActiveCfg = Release|Any CPU
		{8BBAD57E-89E3-4D43-85D0-CAC4020EA249}.Release|x86.Build.0 = Release|Any CPU
		{C6D76309-49FB-475C-8C88-F3353B0F2A75}.Debug|Any CPU.ActiveCfg = Debug|Any CPU
		{C6D76309-49FB-475C-8C88-F3353B0F2A75}.Debug|Any CPU.Build.0 = Debug|Any CPU
		{C6D76309-49FB-475C-8C88-F3353B0F2A75}.Debug|x64.ActiveCfg = Debug|Any CPU
		{C6D76309-49FB-475C-8C88-F3353B0F2A75}.Debug|x64.Build.0 = Debug|Any CPU
		{C6D76309-49FB-475C-8C88-F3353B0F2A75}.Debug|x86.ActiveCfg = Debug|Any CPU
		{C6D76309-49FB-475C-8C88-F3353B0F2A75}.Debug|x86.Build.0 = Debug|Any CPU
		{C6D76309-49FB-475C-8C88-F3353B0F2A75}.Release|Any CPU.ActiveCfg = Release|Any CPU
		{C6D76309-49FB-475C-8C88-F3353B0F2A75}.Release|Any CPU.Build.0 = Release|Any CPU
		{C6D76309-49FB-475C-8C88-F3353B0F2A75}.Release|x64.ActiveCfg = Release|Any CPU
		{C6D76309-49FB-475C-8C88-F3353B0F2A75}.Release|x64.Build.0 = Release|Any CPU
		{C6D76309-49FB-475C-8C88-F3353B0F2A75}.Release|x86.ActiveCfg = Release|Any CPU
		{C6D76309-49FB-475C-8C88-F3353B0F2A75}.Release|x86.Build.0 = Release|Any CPU
		{38235A40-BFC2-40B6-A2E8-A5C7380E447E}.Debug|Any CPU.ActiveCfg = Debug|Any CPU
		{38235A40-BFC2-40B6-A2E8-A5C7380E447E}.Debug|Any CPU.Build.0 = Debug|Any CPU
		{38235A40-BFC2-40B6-A2E8-A5C7380E447E}.Debug|x64.ActiveCfg = Debug|Any CPU
		{38235A40-BFC2-40B6-A2E8-A5C7380E447E}.Debug|x64.Build.0 = Debug|Any CPU
		{38235A40-BFC2-40B6-A2E8-A5C7380E447E}.Debug|x86.ActiveCfg = Debug|Any CPU
		{38235A40-BFC2-40B6-A2E8-A5C7380E447E}.Debug|x86.Build.0 = Debug|Any CPU
		{38235A40-BFC2-40B6-A2E8-A5C7380E447E}.Release|Any CPU.ActiveCfg = Release|Any CPU
		{38235A40-BFC2-40B6-A2E8-A5C7380E447E}.Release|Any CPU.Build.0 = Release|Any CPU
		{38235A40-BFC2-40B6-A2E8-A5C7380E447E}.Release|x64.ActiveCfg = Release|Any CPU
		{38235A40-BFC2-40B6-A2E8-A5C7380E447E}.Release|x64.Build.0 = Release|Any CPU
		{38235A40-BFC2-40B6-A2E8-A5C7380E447E}.Release|x86.ActiveCfg = Release|Any CPU
		{38235A40-BFC2-40B6-A2E8-A5C7380E447E}.Release|x86.Build.0 = Release|Any CPU
		{03107585-6938-4B6D-B607-88D594DC6CF4}.Debug|Any CPU.ActiveCfg = Debug|Any CPU
		{03107585-6938-4B6D-B607-88D594DC6CF4}.Debug|Any CPU.Build.0 = Debug|Any CPU
		{03107585-6938-4B6D-B607-88D594DC6CF4}.Debug|x64.ActiveCfg = Debug|Any CPU
		{03107585-6938-4B6D-B607-88D594DC6CF4}.Debug|x64.Build.0 = Debug|Any CPU
		{03107585-6938-4B6D-B607-88D594DC6CF4}.Debug|x86.ActiveCfg = Debug|Any CPU
		{03107585-6938-4B6D-B607-88D594DC6CF4}.Debug|x86.Build.0 = Debug|Any CPU
		{03107585-6938-4B6D-B607-88D594DC6CF4}.Release|Any CPU.ActiveCfg = Release|Any CPU
		{03107585-6938-4B6D-B607-88D594DC6CF4}.Release|Any CPU.Build.0 = Release|Any CPU
		{03107585-6938-4B6D-B607-88D594DC6CF4}.Release|x64.ActiveCfg = Release|Any CPU
		{03107585-6938-4B6D-B607-88D594DC6CF4}.Release|x64.Build.0 = Release|Any CPU
		{03107585-6938-4B6D-B607-88D594DC6CF4}.Release|x86.ActiveCfg = Release|Any CPU
		{03107585-6938-4B6D-B607-88D594DC6CF4}.Release|x86.Build.0 = Release|Any CPU
		{25D2CEA8-2578-450B-ADCA-5AF3E4A3B838}.Debug|Any CPU.ActiveCfg = Debug|Any CPU
		{25D2CEA8-2578-450B-ADCA-5AF3E4A3B838}.Debug|Any CPU.Build.0 = Debug|Any CPU
		{25D2CEA8-2578-450B-ADCA-5AF3E4A3B838}.Debug|x64.ActiveCfg = Debug|Any CPU
		{25D2CEA8-2578-450B-ADCA-5AF3E4A3B838}.Debug|x64.Build.0 = Debug|Any CPU
		{25D2CEA8-2578-450B-ADCA-5AF3E4A3B838}.Debug|x86.ActiveCfg = Debug|Any CPU
		{25D2CEA8-2578-450B-ADCA-5AF3E4A3B838}.Debug|x86.Build.0 = Debug|Any CPU
		{25D2CEA8-2578-450B-ADCA-5AF3E4A3B838}.Release|Any CPU.ActiveCfg = Release|Any CPU
		{25D2CEA8-2578-450B-ADCA-5AF3E4A3B838}.Release|Any CPU.Build.0 = Release|Any CPU
		{25D2CEA8-2578-450B-ADCA-5AF3E4A3B838}.Release|x64.ActiveCfg = Release|Any CPU
		{25D2CEA8-2578-450B-ADCA-5AF3E4A3B838}.Release|x64.Build.0 = Release|Any CPU
		{25D2CEA8-2578-450B-ADCA-5AF3E4A3B838}.Release|x86.ActiveCfg = Release|Any CPU
		{25D2CEA8-2578-450B-ADCA-5AF3E4A3B838}.Release|x86.Build.0 = Release|Any CPU
		{BC63E5EE-0295-419B-86A0-98AFF3FBCBE8}.Debug|Any CPU.ActiveCfg = Debug|Any CPU
		{BC63E5EE-0295-419B-86A0-98AFF3FBCBE8}.Debug|Any CPU.Build.0 = Debug|Any CPU
		{BC63E5EE-0295-419B-86A0-98AFF3FBCBE8}.Debug|x64.ActiveCfg = Debug|Any CPU
		{BC63E5EE-0295-419B-86A0-98AFF3FBCBE8}.Debug|x64.Build.0 = Debug|Any CPU
		{BC63E5EE-0295-419B-86A0-98AFF3FBCBE8}.Debug|x86.ActiveCfg = Debug|Any CPU
		{BC63E5EE-0295-419B-86A0-98AFF3FBCBE8}.Debug|x86.Build.0 = Debug|Any CPU
		{BC63E5EE-0295-419B-86A0-98AFF3FBCBE8}.Release|Any CPU.ActiveCfg = Release|Any CPU
		{BC63E5EE-0295-419B-86A0-98AFF3FBCBE8}.Release|Any CPU.Build.0 = Release|Any CPU
		{BC63E5EE-0295-419B-86A0-98AFF3FBCBE8}.Release|x64.ActiveCfg = Release|Any CPU
		{BC63E5EE-0295-419B-86A0-98AFF3FBCBE8}.Release|x64.Build.0 = Release|Any CPU
		{BC63E5EE-0295-419B-86A0-98AFF3FBCBE8}.Release|x86.ActiveCfg = Release|Any CPU
		{BC63E5EE-0295-419B-86A0-98AFF3FBCBE8}.Release|x86.Build.0 = Release|Any CPU
		{A6379876-8878-424C-9E19-6D68D53461B8}.Debug|Any CPU.ActiveCfg = Debug|Any CPU
		{A6379876-8878-424C-9E19-6D68D53461B8}.Debug|Any CPU.Build.0 = Debug|Any CPU
		{A6379876-8878-424C-9E19-6D68D53461B8}.Debug|x64.ActiveCfg = Debug|Any CPU
		{A6379876-8878-424C-9E19-6D68D53461B8}.Debug|x64.Build.0 = Debug|Any CPU
		{A6379876-8878-424C-9E19-6D68D53461B8}.Debug|x86.ActiveCfg = Debug|Any CPU
		{A6379876-8878-424C-9E19-6D68D53461B8}.Debug|x86.Build.0 = Debug|Any CPU
		{A6379876-8878-424C-9E19-6D68D53461B8}.Release|Any CPU.ActiveCfg = Release|Any CPU
		{A6379876-8878-424C-9E19-6D68D53461B8}.Release|Any CPU.Build.0 = Release|Any CPU
		{A6379876-8878-424C-9E19-6D68D53461B8}.Release|x64.ActiveCfg = Release|Any CPU
		{A6379876-8878-424C-9E19-6D68D53461B8}.Release|x64.Build.0 = Release|Any CPU
		{A6379876-8878-424C-9E19-6D68D53461B8}.Release|x86.ActiveCfg = Release|Any CPU
		{A6379876-8878-424C-9E19-6D68D53461B8}.Release|x86.Build.0 = Release|Any CPU
		{774B9134-65C3-4BAE-BC01-C46C8AD1AF04}.Debug|Any CPU.ActiveCfg = Debug|Any CPU
		{774B9134-65C3-4BAE-BC01-C46C8AD1AF04}.Debug|Any CPU.Build.0 = Debug|Any CPU
		{774B9134-65C3-4BAE-BC01-C46C8AD1AF04}.Debug|x64.ActiveCfg = Debug|Any CPU
		{774B9134-65C3-4BAE-BC01-C46C8AD1AF04}.Debug|x64.Build.0 = Debug|Any CPU
		{774B9134-65C3-4BAE-BC01-C46C8AD1AF04}.Debug|x86.ActiveCfg = Debug|Any CPU
		{774B9134-65C3-4BAE-BC01-C46C8AD1AF04}.Debug|x86.Build.0 = Debug|Any CPU
		{774B9134-65C3-4BAE-BC01-C46C8AD1AF04}.Release|Any CPU.ActiveCfg = Release|Any CPU
		{774B9134-65C3-4BAE-BC01-C46C8AD1AF04}.Release|Any CPU.Build.0 = Release|Any CPU
		{774B9134-65C3-4BAE-BC01-C46C8AD1AF04}.Release|x64.ActiveCfg = Release|Any CPU
		{774B9134-65C3-4BAE-BC01-C46C8AD1AF04}.Release|x64.Build.0 = Release|Any CPU
		{774B9134-65C3-4BAE-BC01-C46C8AD1AF04}.Release|x86.ActiveCfg = Release|Any CPU
		{774B9134-65C3-4BAE-BC01-C46C8AD1AF04}.Release|x86.Build.0 = Release|Any CPU
		{88A329E9-4AB2-40EA-84D0-57FB791E264C}.Debug|Any CPU.ActiveCfg = Debug|Any CPU
		{88A329E9-4AB2-40EA-84D0-57FB791E264C}.Debug|Any CPU.Build.0 = Debug|Any CPU
		{88A329E9-4AB2-40EA-84D0-57FB791E264C}.Debug|x64.ActiveCfg = Debug|Any CPU
		{88A329E9-4AB2-40EA-84D0-57FB791E264C}.Debug|x64.Build.0 = Debug|Any CPU
		{88A329E9-4AB2-40EA-84D0-57FB791E264C}.Debug|x86.ActiveCfg = Debug|Any CPU
		{88A329E9-4AB2-40EA-84D0-57FB791E264C}.Debug|x86.Build.0 = Debug|Any CPU
		{88A329E9-4AB2-40EA-84D0-57FB791E264C}.Release|Any CPU.ActiveCfg = Release|Any CPU
		{88A329E9-4AB2-40EA-84D0-57FB791E264C}.Release|Any CPU.Build.0 = Release|Any CPU
		{88A329E9-4AB2-40EA-84D0-57FB791E264C}.Release|x64.ActiveCfg = Release|Any CPU
		{88A329E9-4AB2-40EA-84D0-57FB791E264C}.Release|x64.Build.0 = Release|Any CPU
		{88A329E9-4AB2-40EA-84D0-57FB791E264C}.Release|x86.ActiveCfg = Release|Any CPU
		{88A329E9-4AB2-40EA-84D0-57FB791E264C}.Release|x86.Build.0 = Release|Any CPU
		{3444290E-BB91-4874-A8FF-3053E1BACE1A}.Debug|Any CPU.ActiveCfg = Debug|Any CPU
		{3444290E-BB91-4874-A8FF-3053E1BACE1A}.Debug|Any CPU.Build.0 = Debug|Any CPU
		{3444290E-BB91-4874-A8FF-3053E1BACE1A}.Debug|x64.ActiveCfg = Debug|Any CPU
		{3444290E-BB91-4874-A8FF-3053E1BACE1A}.Debug|x64.Build.0 = Debug|Any CPU
		{3444290E-BB91-4874-A8FF-3053E1BACE1A}.Debug|x86.ActiveCfg = Debug|Any CPU
		{3444290E-BB91-4874-A8FF-3053E1BACE1A}.Debug|x86.Build.0 = Debug|Any CPU
		{3444290E-BB91-4874-A8FF-3053E1BACE1A}.Release|Any CPU.ActiveCfg = Release|Any CPU
		{3444290E-BB91-4874-A8FF-3053E1BACE1A}.Release|Any CPU.Build.0 = Release|Any CPU
		{3444290E-BB91-4874-A8FF-3053E1BACE1A}.Release|x64.ActiveCfg = Release|Any CPU
		{3444290E-BB91-4874-A8FF-3053E1BACE1A}.Release|x64.Build.0 = Release|Any CPU
		{3444290E-BB91-4874-A8FF-3053E1BACE1A}.Release|x86.ActiveCfg = Release|Any CPU
		{3444290E-BB91-4874-A8FF-3053E1BACE1A}.Release|x86.Build.0 = Release|Any CPU
	EndGlobalSection
	GlobalSection(SolutionProperties) = preSolution
		HideSolutionNode = FALSE
	EndGlobalSection
	GlobalSection(NestedProjects) = preSolution
		{0F8AEF02-ADE0-47DE-9132-5FAF736DD2F6} = {4D484C33-558C-4883-9EBC-5932D779B4E5}
		{97A144A0-1767-4EA2-8661-E569436BFED9} = {0F8AEF02-ADE0-47DE-9132-5FAF736DD2F6}
		{8BBAD57E-89E3-4D43-85D0-CAC4020EA249} = {0F8AEF02-ADE0-47DE-9132-5FAF736DD2F6}
		{C6D76309-49FB-475C-8C88-F3353B0F2A75} = {0F8AEF02-ADE0-47DE-9132-5FAF736DD2F6}
		{2F822B7B-12F2-4E11-A2E5-AD46564F15ED} = {4D484C33-558C-4883-9EBC-5932D779B4E5}
		{38235A40-BFC2-40B6-A2E8-A5C7380E447E} = {2F822B7B-12F2-4E11-A2E5-AD46564F15ED}
		{03107585-6938-4B6D-B607-88D594DC6CF4} = {EBD561D6-154A-4C51-99F1-A8CD387F5BF2}
		{CC225870-9CDE-468B-BC8D-3F5664A34656} = {0F8AEF02-ADE0-47DE-9132-5FAF736DD2F6}
		{25D2CEA8-2578-450B-ADCA-5AF3E4A3B838} = {CC225870-9CDE-468B-BC8D-3F5664A34656}
		{BC63E5EE-0295-419B-86A0-98AFF3FBCBE8} = {CC225870-9CDE-468B-BC8D-3F5664A34656}
		{A6379876-8878-424C-9E19-6D68D53461B8} = {EBD561D6-154A-4C51-99F1-A8CD387F5BF2}
		{774B9134-65C3-4BAE-BC01-C46C8AD1AF04} = {0F8AEF02-ADE0-47DE-9132-5FAF736DD2F6}
		{88A329E9-4AB2-40EA-84D0-57FB791E264C} = {0F8AEF02-ADE0-47DE-9132-5FAF736DD2F6}
		{3444290E-BB91-4874-A8FF-3053E1BACE1A} = {CC225870-9CDE-468B-BC8D-3F5664A34656}
	EndGlobalSection
	GlobalSection(ExtensibilityGlobals) = postSolution
		SolutionGuid = {5171B8DC-1A0B-447E-A36A-A8EC2DC16556}
	EndGlobalSection
EndGlobal
